
Microsoft Visual Studio Solution File, Format Version 12.00
# Visual Studio Version 17
VisualStudioVersion = 17.5.33424.131
MinimumVisualStudioVersion = 10.0.40219.1
Project("{FAE04EC0-301F-11D3-BF4B-00C04F79EFBC}") = "Sample", "Sample\Sample.csproj", "{6E81F721-52BC-4B4C-87E0-363DD6E98FE5}"
EndProject
Project("{FAE04EC0-301F-11D3-BF4B-00C04F79EFBC}") = "webview2backhost", "webview2backhost\webview2backhost.csproj", "{A9503367-D4B8-45BB-B244-5FE12A217F5D}"
EndProject
Global
	GlobalSection(SolutionConfigurationPlatforms) = preSolution
		Debug|Any CPU = Debug|Any CPU
		Release|Any CPU = Release|Any CPU
	EndGlobalSection
	GlobalSection(ProjectConfigurationPlatforms) = postSolution
		{6E81F721-52BC-4B4C-87E0-363DD6E98FE5}.Debug|Any CPU.ActiveCfg = Debug|Any CPU
		{6E81F721-52BC-4B4C-87E0-363DD6E98FE5}.Debug|Any CPU.Build.0 = Debug|Any CPU
		{6E81F721-52BC-4B4C-87E0-363DD6E98FE5}.Release|Any CPU.ActiveCfg = Release|Any CPU
		{6E81F721-52BC-4B4C-87E0-363DD6E98FE5}.Release|Any CPU.Build.0 = Release|Any CPU
		{A9503367-D4B8-45BB-B244-5FE12A217F5D}.Debug|Any CPU.ActiveCfg = Debug|Any CPU
		{A9503367-D4B8-45BB-B244-5FE12A217F5D}.Debug|Any CPU.Build.0 = Debug|Any CPU
		{A9503367-D4B8-45BB-B244-5FE12A217F5D}.Release|Any CPU.ActiveCfg = Release|Any CPU
		{A9503367-D4B8-45BB-B244-5FE12A217F5D}.Release|Any CPU.Build.0 = Release|Any CPU
	EndGlobalSection
	GlobalSection(SolutionProperties) = preSolution
		HideSolutionNode = FALSE
	EndGlobalSection
	GlobalSection(ExtensibilityGlobals) = postSolution
		SolutionGuid = {70E760AB-817B-45D2-8094-9DD35FF10EFC}
	EndGlobalSection
EndGlobal
